{
	"name": "light-bounds",
	"version": "0.0.6",
	"lockfileVersion": 1,
	"requires": true,
	"dependencies": {
		"@types/throttleit": {
			"version": "1.0.0",
			"resolved": "https://registry.npmjs.org/@types/throttleit/-/throttleit-1.0.0.tgz",
			"integrity": "sha512-F2OlEPPf1cvi8M7A9IK6q08llRoHJMTp8oRHxwx4wbmRFvtea60gEJ3K5RO1OJ/KlMMMHn85ZKf20tg6IJeg+g=="
		},
		"throttleit": {
			"version": "1.0.0",
			"resolved": "https://registry.npmjs.org/throttleit/-/throttleit-1.0.0.tgz",
			"integrity": "sha1-nnhYNtr0Z0MUWlmEtiaNgoUorGw="
		},
		"typescript": {
			"version": "3.7.2",
			"resolved": "https://registry.npmjs.org/typescript/-/typescript-3.7.2.tgz",
			"integrity": "sha512-ml7V7JfiN2Xwvcer+XAf2csGO1bPBdRbFCkYBczNZggrBZ9c7G3riSUeJmqEU5uOtXNPMhE3n+R4FA/3YOAWOQ==",
			"dev": true
		}
	}
}
